
Microsoft Visual Studio Solution File, Format Version 12.00
# Visual Studio Version 16
VisualStudioVersion = 16.0.29311.281
MinimumVisualStudioVersion = 10.0.40219.1
Project("{9A19103F-16F7-4668-BE54-9A1E7A4F7556}") = "TestWebApi", "TestWebApi.csproj", "{C933818F-306E-4607-A726-52C39E3F734D}"
EndProject
Global
	GlobalSection(SolutionConfigurationPlatforms) = preSolution
		Debug|Any CPU = Debug|Any CPU
		Release|Any CPU = Release|Any CPU
	EndGlobalSection
	GlobalSection(ProjectConfigurationPlatforms) = postSolution
		{C933818F-306E-4607-A726-52C39E3F734D}.Debug|Any CPU.ActiveCfg = Debug|Any CPU
		{C933818F-306E-4607-A726-52C39E3F734D}.Debug|Any CPU.Build.0 = Debug|Any CPU
		{C933818F-306E-4607-A726-52C39E3F734D}.Release|Any CPU.ActiveCfg = Release|Any CPU
		{C933818F-306E-4607-A726-52C39E3F734D}.Release|Any CPU.Build.0 = Release|Any CPU
	EndGlobalSection
	GlobalSection(SolutionProperties) = preSolution
		HideSolutionNode = FALSE
	EndGlobalSection
	GlobalSection(ExtensibilityGlobals) = postSolution
		SolutionGuid = {E7EBF5EE-D51D-4896-8B4B-06D71BC7D84B}
	EndGlobalSection
EndGlobal
